// !$*UTF8*$!
{
	archiveVersion = 1;
	classes = {
	};
	objectVersion = 46;
	objects = {

/* Begin PBXBuildFile section */
		A3B34ECB1ADD83D000FC6A15 /* AppDelegate.swift in Sources */ = {isa = PBXBuildFile; fileRef = A3B34ECA1ADD83D000FC6A15 /* AppDelegate.swift */; };
		A3B34ECD1ADD83D000FC6A15 /* ViewController.swift in Sources */ = {isa = PBXBuildFile; fileRef = A3B34ECC1ADD83D000FC6A15 /* ViewController.swift */; };
		A3B34ED01ADD83D000FC6A15 /* Main.storyboard in Resources */ = {isa = PBXBuildFile; fileRef = A3B34ECE1ADD83D000FC6A15 /* Main.storyboard */; };
		A3B34ED21ADD83D000FC6A15 /* Images.xcassets in Resources */ = {isa = PBXBuildFile; fileRef = A3B34ED11ADD83D000FC6A15 /* Images.xcassets */; };
		A3B34ED51ADD83D000FC6A15 /* LaunchScreen.xib in Resources */ = {isa = PBXBuildFile; fileRef = A3B34ED31ADD83D000FC6A15 /* LaunchScreen.xib */; };
		A3B34EE11ADD83D000FC6A15 /* FibonacciAppTests.swift in Sources */ = {isa = PBXBuildFile; fileRef = A3B34EE01ADD83D000FC6A15 /* FibonacciAppTests.swift */; };
		A3B34EEB1ADD845B00FC6A15 /* FibonacciSequence.swift in Sources */ = {isa = PBXBuildFile; fileRef = A3B34EEA1ADD845B00FC6A15 /* FibonacciSequence.swift */; };
/* End PBXBuildFile section */

/* Begin PBXContainerItemProxy section */
		A3B34EDB1ADD83D000FC6A15 /* PBXContainerItemProxy */ = {
			isa = PBXContainerItemProxy;
			containerPortal = A3B34EBD1ADD83D000FC6A15 /* Project object */;
			proxyType = 1;
			remoteGlobalIDString = A3B34EC41ADD83D000FC6A15;
			remoteInfo = FibonacciApp;
		};
/* End PBXContainerItemProxy section */

/* Begin PBXFileReference section */
		A3B34EC51ADD83D000FC6A15 /* FibonacciApp.app */ = {isa = PBXFileReference; explicitFileType = wrapper.application; includeInIndex = 0; path = FibonacciApp.app; sourceTree = BUILT_PRODUCTS_DIR; };
		A3B34EC91ADD83D000FC6A15 /* Info.plist */ = {isa = PBXFileReference; lastKnownFileType = text.plist.xml; path = Info.plist; sourceTree = "<group>"; };
		A3B34ECA1ADD83D000FC6A15 /* AppDelegate.swift */ = {isa = PBXFileReference; lastKnownFileType = sourcecode.swift; path = AppDelegate.swift; sourceTree = "<group>"; };
		A3B34ECC1ADD83D000FC6A15 /* ViewController.swift */ = {isa = PBXFileReference; lastKnownFileType = sourcecode.swift; path = ViewController.swift; sourceTree = "<group>"; };
		A3B34ECF1ADD83D000FC6A15 /* Base */ = {isa = PBXFileReference; lastKnownFileType = file.storyboard; name = Base; path = Base.lproj/Main.storyboard; sourceTree = "<group>"; };
		A3B34ED11ADD83D000FC6A15 /* Images.xcassets */ = {isa = PBXFileReference; lastKnownFileType = folder.assetcatalog; path = Images.xcassets; sourceTree = "<group>"; };
		A3B34ED41ADD83D000FC6A15 /* Base */ = {isa = PBXFileReference; lastKnownFileType = file.xib; name = Base; path = Base.lproj/LaunchScreen.xib; sourceTree = "<group>"; };
		A3B34EDA1ADD83D000FC6A15 /* FibonacciAppTests.xctest */ = {isa = PBXFileReference; explicitFileType = wrapper.cfbundle; includeInIndex = 0; path = FibonacciAppTests.xctest; sourceTree = BUILT_PRODUCTS_DIR; };
		A3B34EDF1ADD83D000FC6A15 /* Info.plist */ = {isa = PBXFileReference; lastKnownFileType = text.plist.xml; path = Info.plist; sourceTree = "<group>"; };
		A3B34EE01ADD83D000FC6A15 /* FibonacciAppTests.swift */ = {isa = PBXFileReference; lastKnownFileType = sourcecode.swift; path = FibonacciAppTests.swift; sourceTree = "<group>"; };
		A3B34EEA1ADD845B00FC6A15 /* FibonacciSequence.swift */ = {isa = PBXFileReference; fileEncoding = 4; lastKnownFileType = sourcecode.swift; path = FibonacciSequence.swift; sourceTree = "<group>"; };
/* End PBXFileReference section */

/* Begin PBXFrameworksBuildPhase section */
		A3B34EC21ADD83D000FC6A15 /* Frameworks */ = {
			isa = PBXFrameworksBuildPhase;
			buildActionMask = 2147483647;
			files = (
			);
			runOnlyForDeploymentPostprocessing = 0;
		};
		A3B34ED71ADD83D000FC6A15 /* Frameworks */ = {
			isa = PBXFrameworksBuildPhase;
			buildActionMask = 2147483647;
			files = (
			);
			runOnlyForDeploymentPostprocessing = 0;
		};
/* End PBXFrameworksBuildPhase section */

/* Begin PBXGroup section */
		A3B34EBC1ADD83D000FC6A15 = {
			isa = PBXGroup;
			children = (
				A3B34EC71ADD83D000FC6A15 /* FibonacciApp */,
				A3B34EDD1ADD83D000FC6A15 /* FibonacciAppTests */,
				A3B34EC61ADD83D000FC6A15 /* Products */,
			);
			sourceTree = "<group>";
		};
		A3B34EC61ADD83D000FC6A15 /* Products */ = {
			isa = PBXGroup;
			children = (
				A3B34EC51ADD83D000FC6A15 /* FibonacciApp.app */,
				A3B34EDA1ADD83D000FC6A15 /* FibonacciAppTests.xctest */,
			);
			name = Products;
			sourceTree = "<group>";
		};
		A3B34EC71ADD83D000FC6A15 /* FibonacciApp */ = {
			isa = PBXGroup;
			children = (
				A3B34ECA1ADD83D000FC6A15 /* AppDelegate.swift */,
				A3B34ECC1ADD83D000FC6A15 /* ViewController.swift */,
				A3B34ECE1ADD83D000FC6A15 /* Main.storyboard */,
				A3B34EEA1ADD845B00FC6A15 /* FibonacciSequence.swift */,
				A3B34ED11ADD83D000FC6A15 /* Images.xcassets */,
				A3B34ED31ADD83D000FC6A15 /* LaunchScreen.xib */,
				A3B34EC81ADD83D000FC6A15 /* Supporting Files */,
			);
			path = FibonacciApp;
			sourceTree = "<group>";
		};
		A3B34EC81ADD83D000FC6A15 /* Supporting Files */ = {
			isa = PBXGroup;
			children = (
				A3B34EC91ADD83D000FC6A15 /* Info.plist */,
			);
			name = "Supporting Files";
			sourceTree = "<group>";
		};
		A3B34EDD1ADD83D000FC6A15 /* FibonacciAppTests */ = {
			isa = PBXGroup;
			children = (
				A3B34EE01ADD83D000FC6A15 /* FibonacciAppTests.swift */,
				A3B34EDE1ADD83D000FC6A15 /* Supporting Files */,
			);
			path = FibonacciAppTests;
			sourceTree = "<group>";
		};
		A3B34EDE1ADD83D000FC6A15 /* Supporting Files */ = {
			isa = PBXGroup;
			children = (
				A3B34EDF1ADD83D000FC6A15 /* Info.plist */,
			);
			name = "Supporting Files";
			sourceTree = "<group>";
		};
/* End PBXGroup section */

/* Begin PBXNativeTarget section */
		A3B34EC41ADD83D000FC6A15 /* FibonacciApp */ = {
			isa = PBXNativeTarget;
			buildConfigurationList = A3B34EE41ADD83D000FC6A15 /* Build configuration list for PBXNativeTarget "FibonacciApp" */;
			buildPhases = (
				A3B34EC11ADD83D000FC6A15 /* Sources */,
				A3B34EC21ADD83D000FC6A15 /* Frameworks */,
				A3B34EC31ADD83D000FC6A15 /* Resources */,
			);
			buildRules = (
			);
			dependencies = (
			);
			name = FibonacciApp;
			productName = FibonacciApp;
			productReference = A3B34EC51ADD83D000FC6A15 /* FibonacciApp.app */;
			productType = "com.apple.product-type.application";
		};
		A3B34ED91ADD83D000FC6A15 /* FibonacciAppTests */ = {
			isa = PBXNativeTarget;
			buildConfigurationList = A3B34EE71ADD83D000FC6A15 /* Build configuration list for PBXNativeTarget "FibonacciAppTests" */;
			buildPhases = (
				A3B34ED61ADD83D000FC6A15 /* Sources */,
				A3B34ED71ADD83D000FC6A15 /* Frameworks */,
				A3B34ED81ADD83D000FC6A15 /* Resources */,
			);
			buildRules = (
			);
			dependencies = (
				A3B34EDC1ADD83D000FC6A15 /* PBXTargetDependency */,
			);
			name = FibonacciAppTests;
			productName = FibonacciAppTests;
			productReference = A3B34EDA1ADD83D000FC6A15 /* FibonacciAppTests.xctest */;
			productType = "com.apple.product-type.bundle.unit-test";
		};
/* End PBXNativeTarget section */

/* Begin PBXProject section */
		A3B34EBD1ADD83D000FC6A15 /* Project object */ = {
			isa = PBXProject;
			attributes = {
				LastUpgradeCheck = 0620;
				ORGANIZATIONNAME = "Adam Caldwell";
				TargetAttributes = {
					A3B34EC41ADD83D000FC6A15 = {
						CreatedOnToolsVersion = 6.2;
					};
					A3B34ED91ADD83D000FC6A15 = {
						CreatedOnToolsVersion = 6.2;
						TestTargetID = A3B34EC41ADD83D000FC6A15;
					};
				};
			};
			buildConfigurationList = A3B34EC01ADD83D000FC6A15 /* Build configuration list for PBXProject "FibonacciApp" */;
			compatibilityVersion = "Xcode 3.2";
			developmentRegion = English;
			hasScannedForEncodings = 0;
			knownRegions = (
				en,
				Base,
			);
			mainGroup = A3B34EBC1ADD83D000FC6A15;
			productRefGroup = A3B34EC61ADD83D000FC6A15 /* Products */;
			projectDirPath = "";
			projectRoot = "";
			targets = (
				A3B34EC41ADD83D000FC6A15 /* FibonacciApp */,
				A3B34ED91ADD83D000FC6A15 /* FibonacciAppTests */,
			);
		};
/* End PBXProject section */

/* Begin PBXResourcesBuildPhase section */
		A3B34EC31ADD83D000FC6A15 /* Resources */ = {
			isa = PBXResourcesBuildPhase;
			buildActionMask = 2147483647;
			files = (
				A3B34ED01ADD83D000FC6A15 /* Main.storyboard in Resources */,
				A3B34ED51ADD83D000FC6A15 /* LaunchScreen.xib in Resources */,
				A3B34ED21ADD83D000FC6A15 /* Images.xcassets in Resources */,
			);
			runOnlyForDeploymentPostprocessing = 0;
		};
		A3B34ED81ADD83D000FC6A15 /* Resources */ = {
			isa = PBXResourcesBuildPhase;
			buildActionMask = 2147483647;
			files = (
			);
			runOnlyForDeploymentPostprocessing = 0;
		};
/* End PBXResourcesBuildPhase section */

/* Begin PBXSourcesBuildPhase section */
		A3B34EC11ADD83D000FC6A15 /* Sources */ = {
			isa = PBXSourcesBuildPhase;
			buildActionMask = 2147483647;
			files = (
				A3B34EEB1ADD845B00FC6A15 /* FibonacciSequence.swift in Sources */,
				A3B34ECD1ADD83D000FC6A15 /* ViewController.swift in Sources */,
				A3B34ECB1ADD83D000FC6A15 /* AppDelegate.swift in Sources */,
			);
			runOnlyForDeploymentPostprocessing = 0;
		};
		A3B34ED61ADD83D000FC6A15 /* Sources */ = {
			isa = PBXSourcesBuildPhase;
			buildActionMask = 2147483647;
			files = (
				A3B34EE11ADD83D000FC6A15 /* FibonacciAppTests.swift in Sources */,
			);
			runOnlyForDeploymentPostprocessing = 0;
		};
/* End PBXSourcesBuildPhase section */

/* Begin PBXTargetDependency section */
		A3B34EDC1ADD83D000FC6A15 /* PBXTargetDependency */ = {
			isa = PBXTargetDependency;
			target = A3B34EC41ADD83D000FC6A15 /* FibonacciApp */;
			targetProxy = A3B34EDB1ADD83D000FC6A15 /* PBXContainerItemProxy */;
		};
/* End PBXTargetDependency section */

/* Begin PBXVariantGroup section */
		A3B34ECE1ADD83D000FC6A15 /* Main.storyboard */ = {
			isa = PBXVariantGroup;
			children = (
				A3B34ECF1ADD83D000FC6A15 /* Base */,
			);
			name = Main.storyboard;
			sourceTree = "<group>";
		};
		A3B34ED31ADD83D000FC6A15 /* LaunchScreen.xib */ = {
			isa = PBXVariantGroup;
			children = (
				A3B34ED41ADD83D000FC6A15 /* Base */,
			);
			name = LaunchScreen.xib;
			sourceTree = "<group>";
		};
/* End PBXVariantGroup section */

/* Begin XCBuildConfiguration section */
		A3B34EE21ADD83D000FC6A15 /* Debug */ = {
			isa = XCBuildConfiguration;
			buildSettings = {
				ALWAYS_SEARCH_USER_PATHS = NO;
				CLANG_CXX_LANGUAGE_STANDARD = "gnu++0x";
				CLANG_CXX_LIBRARY = "libc++";
				CLANG_ENABLE_MODULES = YES;
				CLANG_ENABLE_OBJC_ARC = YES;
				CLANG_WARN_BOOL_CONVERSION = YES;
				CLANG_WARN_CONSTANT_CONVERSION = YES;
				CLANG_WARN_DIRECT_OBJC_ISA_USAGE = YES_ERROR;
				CLANG_WARN_EMPTY_BODY = YES;
				CLANG_WARN_ENUM_CONVERSION = YES;
				CLANG_WARN_INT_CONVERSION = YES;
				CLANG_WARN_OBJC_ROOT_CLASS = YES_ERROR;
				CLANG_WARN_UNREACHABLE_CODE = YES;
				CLANG_WARN__DUPLICATE_METHOD_MATCH = YES;
				"CODE_SIGN_IDENTITY[sdk=iphoneos*]" = "iPhone Developer";
				COPY_PHASE_STRIP = NO;
				ENABLE_STRICT_OBJC_MSGSEND = YES;
				GCC_C_LANGUAGE_STANDARD = gnu99;
				GCC_DYNAMIC_NO_PIC = NO;
				GCC_OPTIMIZATION_LEVEL = 0;
				GCC_PREPROCESSOR_DEFINITIONS = (
					"DEBUG=1",
					"$(inherited)",
				);
				GCC_SYMBOLS_PRIVATE_EXTERN = NO;
				GCC_WARN_64_TO_32_BIT_CONVERSION = YES;
				GCC_WARN_ABOUT_RETURN_TYPE = YES_ERROR;
				GCC_WARN_UNDECLARED_SELECTOR = YES;
				GCC_WARN_UNINITIALIZED_AUTOS = YES_AGGRESSIVE;
				GCC_WARN_UNUSED_FUNCTION = YES;
				GCC_WARN_UNUSED_VARIABLE = YES;
				IPHONEOS_DEPLOYMENT_TARGET = 8.2;
				MTL_ENABLE_DEBUG_INFO = YES;
				ONLY_ACTIVE_ARCH = YES;
				SDKROOT = iphoneos;
				SWIFT_OPTIMIZATION_LEVEL = "-Onone";
			};
			name = Debug;
		};
		A3B34EE31ADD83D000FC6A15 /* Release */ = {
			isa = XCBuildConfiguration;
			buildSettings = {
				ALWAYS_SEARCH_USER_PATHS = NO;
				CLANG_CXX_LANGUAGE_STANDARD = "gnu++0x";
				CLANG_CXX_LIBRARY = "libc++";
				CLANG_ENABLE_MODULES = YES;
				CLANG_ENABLE_OBJC_ARC = YES;
				CLANG_WARN_BOOL_CONVERSION = YES;
				CLANG_WARN_CONSTANT_CONVERSION = YES;
				CLANG_WARN_DIRECT_OBJC_ISA_USAGE = YES_ERROR;
				CLANG_WARN_EMPTY_BODY = YES;
				CLANG_WARN_ENUM_CONVERSION = YES;
				CLANG_WARN_INT_CONVERSION = YES;
				CLANG_WARN_OBJC_ROOT_CLASS = YES_ERROR;
				CLANG_WARN_UNREACHABLE_CODE = YES;
				CLANG_WARN__DUPLICATE_METHOD_MATCH = YES;
				"CODE_SIGN_IDENTITY[sdk=iphoneos*]" = "iPhone Developer";
				COPY_PHASE_STRIP = NO;
				ENABLE_NS_ASSERTIONS = NO;
				ENABLE_STRICT_OBJC_MSGSEND = YES;
				GCC_C_LANGUAGE_STANDARD = gnu99;
				GCC_WARN_64_TO_32_BIT_CONVERSION = YES;
				GCC_WARN_ABOUT_RETURN_TYPE = YES_ERROR;
				GCC_WARN_UNDECLARED_SELECTOR = YES;
				GCC_WARN_UNINITIALIZED_AUTOS = YES_AGGRESSIVE;
				GCC_WARN_UNUSED_FUNCTION = YES;
				GCC_WARN_UNUSED_VARIABLE = YES;
				IPHONEOS_DEPLOYMENT_TARGET = 8.2;
				MTL_ENABLE_DEBUG_INFO = NO;
				SDKROOT = iphoneos;
				VALIDATE_PRODUCT = YES;
			};
			name = Release;
		};
		A3B34EE51ADD83D000FC6A15 /* Debug */ = {
			isa = XCBuildConfiguration;
			buildSettings = {
				ASSETCATALOG_COMPILER_APPICON_NAME = AppIcon;
				INFOPLIST_FILE = FibonacciApp/Info.plist;
				LD_RUNPATH_SEARCH_PATHS = "$(inherited) @executable_path/Frameworks";
				PRODUCT_NAME = "$(TARGET_NAME)";
			};
			name = Debug;
		};
		A3B34EE61ADD83D000FC6A15 /* Release */ = {
			isa = XCBuildConfiguration;
			buildSettings = {
				ASSETCATALOG_COMPILER_APPICON_NAME = AppIcon;
				INFOPLIST_FILE = FibonacciApp/Info.plist;
				LD_RUNPATH_SEARCH_PATHS = "$(inherited) @executable_path/Frameworks";
				PRODUCT_NAME = "$(TARGET_NAME)";
			};
			name = Release;
		};
		A3B34EE81ADD83D000FC6A15 /* Debug */ = {
			isa = XCBuildConfiguration;
			buildSettings = {
				BUNDLE_LOADER = "$(TEST_HOST)";
				FRAMEWORK_SEARCH_PATHS = (
					"$(SDKROOT)/Developer/Library/Frameworks",
					"$(inherited)",
				);
				GCC_PREPROCESSOR_DEFINITIONS = (
					"DEBUG=1",
					"$(inherited)",
				);
				INFOPLIST_FILE = FibonacciAppTests/Info.plist;
				LD_RUNPATH_SEARCH_PATHS = "$(inherited) @executable_path/Frameworks @loader_path/Frameworks";
				PRODUCT_NAME = "$(TARGET_NAME)";
				TEST_HOST = "$(BUILT_PRODUCTS_DIR)/FibonacciApp.app/FibonacciApp";
			};
			name = Debug;
		};
		A3B34EE91ADD83D000FC6A15 /* Release */ = {
			isa = XCBuildConfiguration;
			buildSettings = {
				BUNDLE_LOADER = "$(TEST_HOST)";
				FRAMEWORK_SEARCH_PATHS = (
					"$(SDKROOT)/Developer/Library/Frameworks",
					"$(inherited)",
				);
				INFOPLIST_FILE = FibonacciAppTests/Info.plist;
				LD_RUNPATH_SEARCH_PATHS = "$(inherited) @executable_path/Frameworks @loader_path/Frameworks";
				PRODUCT_NAME = "$(TARGET_NAME)";
				TEST_HOST = "$(BUILT_PRODUCTS_DIR)/FibonacciApp.app/FibonacciApp";
			};
			name = Release;
		};
/* End XCBuildConfiguration section */

/* Begin XCConfigurationList section */
		A3B34EC01ADD83D000FC6A15 /* Build configuration list for PBXProject "FibonacciApp" */ = {
			isa = XCConfigurationList;
			buildConfigurations = (
				A3B34EE21ADD83D000FC6A15 /* Debug */,
				A3B34EE31ADD83D000FC6A15 /* Release */,
			);
			defaultConfigurationIsVisible = 0;
			defaultConfigurationName = Release;
		};
		A3B34EE41ADD83D000FC6A15 /* Build configuration list for PBXNativeTarget "FibonacciApp" */ = {
			isa = XCConfigurationList;
			buildConfigurations = (
				A3B34EE51ADD83D000FC6A15 /* Debug */,
				A3B34EE61ADD83D000FC6A15 /* Release */,
			);
			defaultConfigurationIsVisible = 0;
		};
		A3B34EE71ADD83D000FC6A15 /* Build configuration list for PBXNativeTarget "FibonacciAppTests" */ = {
			isa = XCConfigurationList;
			buildConfigurations = (
				A3B34EE81ADD83D000FC6A15 /* Debug */,
				A3B34EE91ADD83D000FC6A15 /* Release */,
			);
			defaultConfigurationIsVisible = 0;
		};
/* End XCConfigurationList section */
	};
	rootObject = A3B34EBD1ADD83D000FC6A15 /* Project object */;
}
